
Microsoft Visual Studio Solution File, Format Version 12.00
# Visual Studio Version 17
VisualStudioVersion = 17.9.34728.123
MinimumVisualStudioVersion = 10.0.40219.1
Project("{FAE04EC0-301F-11D3-BF4B-00C04F79EFBC}") = "ServiceA.API", "ServiceA.API\ServiceA.API.csproj", "{804183E9-1692-4BFE-8E16-72BFD2B9C7D6}"
EndProject
Project("{FAE04EC0-301F-11D3-BF4B-00C04F79EFBC}") = "ServiceB.API", "ServiceB.API\ServiceB.API.csproj", "{F570E842-A15A-4E28-874C-F85EA6F3E98F}"
EndProject
Global
	GlobalSection(SolutionConfigurationPlatforms) = preSolution
		Debug|Any CPU = Debug|Any CPU
		Release|Any CPU = Release|Any CPU
	EndGlobalSection
	GlobalSection(ProjectConfigurationPlatforms) = postSolution
		{804183E9-1692-4BFE-8E16-72BFD2B9C7D6}.Debug|Any CPU.ActiveCfg = Debug|Any CPU
		{804183E9-1692-4BFE-8E16-72BFD2B9C7D6}.Debug|Any CPU.Build.0 = Debug|Any CPU
		{804183E9-1692-4BFE-8E16-72BFD2B9C7D6}.Release|Any CPU.ActiveCfg = Release|Any CPU
		{804183E9-1692-4BFE-8E16-72BFD2B9C7D6}.Release|Any CPU.Build.0 = Release|Any CPU
		{F570E842-A15A-4E28-874C-F85EA6F3E98F}.Debug|Any CPU.ActiveCfg = Debug|Any CPU
		{F570E842-A15A-4E28-874C-F85EA6F3E98F}.Debug|Any CPU.Build.0 = Debug|Any CPU
		{F570E842-A15A-4E28-874C-F85EA6F3E98F}.Release|Any CPU.ActiveCfg = Release|Any CPU
		{F570E842-A15A-4E28-874C-F85EA6F3E98F}.Release|Any CPU.Build.0 = Release|Any CPU
	EndGlobalSection
	GlobalSection(SolutionProperties) = preSolution
		HideSolutionNode = FALSE
	EndGlobalSection
	GlobalSection(ExtensibilityGlobals) = postSolution
		SolutionGuid = {11176868-DC4E-42DD-BC3C-69C3A30C39FC}
	EndGlobalSection
EndGlobal
