
Microsoft Visual Studio Solution File, Format Version 12.00
# Visual Studio Version 17
VisualStudioVersion = 17.9.34728.123
MinimumVisualStudioVersion = 10.0.40219.1
Project("{FAE04EC0-301F-11D3-BF4B-00C04F79EFBC}") = "Order.API", "Order.API\Order.API.csproj", "{61460F34-7BA4-436E-8641-F356EC33AC42}"
EndProject
Project("{FAE04EC0-301F-11D3-BF4B-00C04F79EFBC}") = "Stock.API", "Stock.API\Stock.API.csproj", "{F7DCC7D2-A851-4EE8-880F-6CFB5FEF56C4}"
EndProject
Project("{FAE04EC0-301F-11D3-BF4B-00C04F79EFBC}") = "Payment.API", "Payment.API\Payment.API.csproj", "{BD1184C3-A6EF-4456-BFAA-D9DD5F04C7B8}"
EndProject
Project("{FAE04EC0-301F-11D3-BF4B-00C04F79EFBC}") = "Shared", "Shared\Shared.csproj", "{7D5E372B-2070-495F-8E01-F8A0F645919F}"
EndProject
Global
	GlobalSection(SolutionConfigurationPlatforms) = preSolution
		Debug|Any CPU = Debug|Any CPU
		Release|Any CPU = Release|Any CPU
	EndGlobalSection
	GlobalSection(ProjectConfigurationPlatforms) = postSolution
		{61460F34-7BA4-436E-8641-F356EC33AC42}.Debug|Any CPU.ActiveCfg = Debug|Any CPU
		{61460F34-7BA4-436E-8641-F356EC33AC42}.Debug|Any CPU.Build.0 = Debug|Any CPU
		{61460F34-7BA4-436E-8641-F356EC33AC42}.Release|Any CPU.ActiveCfg = Release|Any CPU
		{61460F34-7BA4-436E-8641-F356EC33AC42}.Release|Any CPU.Build.0 = Release|Any CPU
		{F7DCC7D2-A851-4EE8-880F-6CFB5FEF56C4}.Debug|Any CPU.ActiveCfg = Debug|Any CPU
		{F7DCC7D2-A851-4EE8-880F-6CFB5FEF56C4}.Debug|Any CPU.Build.0 = Debug|Any CPU
		{F7DCC7D2-A851-4EE8-880F-6CFB5FEF56C4}.Release|Any CPU.ActiveCfg = Release|Any CPU
		{F7DCC7D2-A851-4EE8-880F-6CFB5FEF56C4}.Release|Any CPU.Build.0 = Release|Any CPU
		{BD1184C3-A6EF-4456-BFAA-D9DD5F04C7B8}.Debug|Any CPU.ActiveCfg = Debug|Any CPU
		{BD1184C3-A6EF-4456-BFAA-D9DD5F04C7B8}.Debug|Any CPU.Build.0 = Debug|Any CPU
		{BD1184C3-A6EF-4456-BFAA-D9DD5F04C7B8}.Release|Any CPU.ActiveCfg = Release|Any CPU
		{BD1184C3-A6EF-4456-BFAA-D9DD5F04C7B8}.Release|Any CPU.Build.0 = Release|Any CPU
		{7D5E372B-2070-495F-8E01-F8A0F645919F}.Debug|Any CPU.ActiveCfg = Debug|Any CPU
		{7D5E372B-2070-495F-8E01-F8A0F645919F}.Debug|Any CPU.Build.0 = Debug|Any CPU
		{7D5E372B-2070-495F-8E01-F8A0F645919F}.Release|Any CPU.ActiveCfg = Release|Any CPU
		{7D5E372B-2070-495F-8E01-F8A0F645919F}.Release|Any CPU.Build.0 = Release|Any CPU
	EndGlobalSection
	GlobalSection(SolutionProperties) = preSolution
		HideSolutionNode = FALSE
	EndGlobalSection
	GlobalSection(ExtensibilityGlobals) = postSolution
		SolutionGuid = {11176868-DC4E-42DD-BC3C-69C3A30C39FC}
	EndGlobalSection
EndGlobal
